{
  "name": "rankenberry",
  "lockfileVersion": 3,
  "requires": true,
  "packages": {
    "": {
      "dependencies": {
        "plotly.js-dist-min": "^2.35.2"
      }
    },
    "node_modules/plotly.js-dist-min": {
      "version": "2.35.2",
      "resolved": "https://registry.npmjs.org/plotly.js-dist-min/-/plotly.js-dist-min-2.35.2.tgz",
      "integrity": "sha512-oWDTf2kYOmTtEw3epeeSBdfH/H3OSktF0suST9oI6fIgKfbyd4MT7TPh8+CVzdHYllYon24Q0HI1hZjOnLqk6g=="
    }
  }
}
